
Microsoft Visual Studio Solution File, Format Version 12.00
# Visual Studio Version 16
VisualStudioVersion = 16.0.30114.105
MinimumVisualStudioVersion = 10.0.40219.1
Project("{F2A71F9B-5D33-465A-A702-920D77279786}") = "MiniPhys", "src\MiniPhys.fsproj", "{DBE56284-7573-4E1C-864F-F1BF4A4A022E}"
EndProject
Global
	GlobalSection(SolutionConfigurationPlatforms) = preSolution
		Debug|Any CPU = Debug|Any CPU
		Release|Any CPU = Release|Any CPU
	EndGlobalSection
	GlobalSection(SolutionProperties) = preSolution
		HideSolutionNode = FALSE
	EndGlobalSection
	GlobalSection(ProjectConfigurationPlatforms) = postSolution
		{DBE56284-7573-4E1C-864F-F1BF4A4A022E}.Debug|Any CPU.ActiveCfg = Debug|Any CPU
		{DBE56284-7573-4E1C-864F-F1BF4A4A022E}.Debug|Any CPU.Build.0 = Debug|Any CPU
		{DBE56284-7573-4E1C-864F-F1BF4A4A022E}.Release|Any CPU.ActiveCfg = Release|Any CPU
		{DBE56284-7573-4E1C-864F-F1BF4A4A022E}.Release|Any CPU.Build.0 = Release|Any CPU
	EndGlobalSection
EndGlobal
